// !$*UTF8*$!
{
	archiveVersion = 1;
	classes = {
	};
	objectVersion = 56;
	objects = {

/* Begin PBXBuildFile section */
		0725BF1E2ADC0FD600C65CC7 /* LevelsInfoView.swift in Sources */ = {isa = PBXBuildFile; fileRef = 0725BF1D2ADC0FD600C65CC7 /* LevelsInfoView.swift */; };
		0725BF232ADC2C6B00C65CC7 /* UserPreferences.swift in Sources */ = {isa = PBXBuildFile; fileRef = 0725BF222ADC2C6B00C65CC7 /* UserPreferences.swift */; };
		072ED8AF2AC95D84007CDE80 /* PlantDetailViewModel.swift in Sources */ = {isa = PBXBuildFile; fileRef = 072ED8AE2AC95D84007CDE80 /* PlantDetailViewModel.swift */; };
		072ED8B12AC95D90007CDE80 /* PlantDetailScreenView.swift in Sources */ = {isa = PBXBuildFile; fileRef = 072ED8B02AC95D90007CDE80 /* PlantDetailScreenView.swift */; };
		4BB059682AC5C99B0032A1D2 /* PopularPlantsStorage.swift in Sources */ = {isa = PBXBuildFile; fileRef = 4BB059672AC5C99B0032A1D2 /* PopularPlantsStorage.swift */; };
		4BF3F9402ADDEB950050FBF5 /* NotepadScreenView.swift in Sources */ = {isa = PBXBuildFile; fileRef = 4BF3F93F2ADDEB950050FBF5 /* NotepadScreenView.swift */; };
		4BF3F9422ADDEBC80050FBF5 /* NotepadViewModel.swift in Sources */ = {isa = PBXBuildFile; fileRef = 4BF3F9412ADDEBC80050FBF5 /* NotepadViewModel.swift */; };
		E12046F12AAF985A00FE0F2B /* AppDelegate.swift in Sources */ = {isa = PBXBuildFile; fileRef = E12046F02AAF985A00FE0F2B /* AppDelegate.swift */; };
		E12046F32AAF985A00FE0F2B /* SceneDelegate.swift in Sources */ = {isa = PBXBuildFile; fileRef = E12046F22AAF985A00FE0F2B /* SceneDelegate.swift */; };
		E12046F52AAF985A00FE0F2B /* ViewController.swift in Sources */ = {isa = PBXBuildFile; fileRef = E12046F42AAF985A00FE0F2B /* ViewController.swift */; };
		E12046F82AAF985A00FE0F2B /* Main.storyboard in Resources */ = {isa = PBXBuildFile; fileRef = E12046F62AAF985A00FE0F2B /* Main.storyboard */; };
		E12046FA2AAF985B00FE0F2B /* Assets.xcassets in Resources */ = {isa = PBXBuildFile; fileRef = E12046F92AAF985B00FE0F2B /* Assets.xcassets */; };
		E12046FD2AAF985B00FE0F2B /* LaunchScreen.storyboard in Resources */ = {isa = PBXBuildFile; fileRef = E12046FB2AAF985B00FE0F2B /* LaunchScreen.storyboard */; };
		E12047242AAFB7F500FE0F2B /* XCAssets+Generated.swift in Sources */ = {isa = PBXBuildFile; fileRef = E12047232AAFB7F500FE0F2B /* XCAssets+Generated.swift */; };
		E12047262AAFB80600FE0F2B /* Strings+Generated.swift in Sources */ = {isa = PBXBuildFile; fileRef = E12047252AAFB80600FE0F2B /* Strings+Generated.swift */; };
		E12047282AAFB98A00FE0F2B /* Localizable.strings in Resources */ = {isa = PBXBuildFile; fileRef = E120472A2AAFB98A00FE0F2B /* Localizable.strings */; };
		E120472E2AAFBDAF00FE0F2B /* PreviewMock.swift in Sources */ = {isa = PBXBuildFile; fileRef = E120472D2AAFBDAF00FE0F2B /* PreviewMock.swift */; };
		E12047302AAFBDBE00FE0F2B /* EmptyRouter.swift in Sources */ = {isa = PBXBuildFile; fileRef = E120472F2AAFBDBE00FE0F2B /* EmptyRouter.swift */; };
		E12047322AAFBDD200FE0F2B /* MainTabBarCoordinator.swift in Sources */ = {isa = PBXBuildFile; fileRef = E12047312AAFBDD200FE0F2B /* MainTabBarCoordinator.swift */; };
		E12047342AAFBDE400FE0F2B /* ProfileCoordinator.swift in Sources */ = {isa = PBXBuildFile; fileRef = E12047332AAFBDE400FE0F2B /* ProfileCoordinator.swift */; };
		E12047362AAFBDF800FE0F2B /* NotepadCoordinator.swift in Sources */ = {isa = PBXBuildFile; fileRef = E12047352AAFBDF800FE0F2B /* NotepadCoordinator.swift */; };
		E12047382AAFBE0C00FE0F2B /* HomeCoordinator.swift in Sources */ = {isa = PBXBuildFile; fileRef = E12047372AAFBE0C00FE0F2B /* HomeCoordinator.swift */; };
		E120473C2AAFBF0C00FE0F2B /* CombineMoya in Frameworks */ = {isa = PBXBuildFile; productRef = E120473B2AAFBF0C00FE0F2B /* CombineMoya */; };
		E120473E2AAFBF0C00FE0F2B /* Moya in Frameworks */ = {isa = PBXBuildFile; productRef = E120473D2AAFBF0C00FE0F2B /* Moya */; };
		E12047412AAFBF6400FE0F2B /* XCoordinator in Frameworks */ = {isa = PBXBuildFile; productRef = E12047402AAFBF6400FE0F2B /* XCoordinator */; };
		E15A1FAD2ACC51980045F9DC /* JustifyViewModel.swift in Sources */ = {isa = PBXBuildFile; fileRef = E15A1FAC2ACC51980045F9DC /* JustifyViewModel.swift */; };
		E15A1FB12ACC53280045F9DC /* TaxonomyRow.swift in Sources */ = {isa = PBXBuildFile; fileRef = E15A1FB02ACC53280045F9DC /* TaxonomyRow.swift */; };
		E19D69352AC4DC8000C9D797 /* JustifyCardView.swift in Sources */ = {isa = PBXBuildFile; fileRef = E19D69342AC4DC8000C9D797 /* JustifyCardView.swift */; };
		E19D693C2AC5E6F000C9D797 /* PhotoModel.swift in Sources */ = {isa = PBXBuildFile; fileRef = E19D693B2AC5E6F000C9D797 /* PhotoModel.swift */; };
		E19D693E2AC5E7C800C9D797 /* FormdataResponseModel.swift in Sources */ = {isa = PBXBuildFile; fileRef = E19D693D2AC5E7C800C9D797 /* FormdataResponseModel.swift */; };
		E19D69422AC5E8BC00C9D797 /* Base64ResponseModel.swift in Sources */ = {isa = PBXBuildFile; fileRef = E19D69412AC5E8BC00C9D797 /* Base64ResponseModel.swift */; };
		E19D69462AC74DD600C9D797 /* JustifyScreenView.swift in Sources */ = {isa = PBXBuildFile; fileRef = E19D69452AC74DD600C9D797 /* JustifyScreenView.swift */; };
		E1A586932AC1E534002C295F /* Constants.swift in Sources */ = {isa = PBXBuildFile; fileRef = E1A586922AC1E534002C295F /* Constants.swift */; };
		E1B89E802ADB01EB0099BC3B /* PhotoPicker.swift in Sources */ = {isa = PBXBuildFile; fileRef = E1B89E7F2ADB01EB0099BC3B /* PhotoPicker.swift */; };
		E1BA5AA12ABCC90800C444DD /* RecognitionService.swift in Sources */ = {isa = PBXBuildFile; fileRef = E1BA5AA02ABCC90800C444DD /* RecognitionService.swift */; };
		E1BA5AA32ABCC96B00C444DD /* RecognitionRequestCollection.swift in Sources */ = {isa = PBXBuildFile; fileRef = E1BA5AA22ABCC96B00C444DD /* RecognitionRequestCollection.swift */; };
		E1BA5AA62ABCC9BB00C444DD /* HomeScreenView.swift in Sources */ = {isa = PBXBuildFile; fileRef = E1BA5AA52ABCC9BB00C444DD /* HomeScreenView.swift */; };
		E1BA5AA82ABCC9F800C444DD /* HomeViewModel.swift in Sources */ = {isa = PBXBuildFile; fileRef = E1BA5AA72ABCC9F800C444DD /* HomeViewModel.swift */; };
		E1BA5AAC2ABCCD2100C444DD /* HeaderView.swift in Sources */ = {isa = PBXBuildFile; fileRef = E1BA5AAB2ABCCD2100C444DD /* HeaderView.swift */; };
		E1BA5AAF2ABCCDA300C444DD /* PlantCardView.swift in Sources */ = {isa = PBXBuildFile; fileRef = E1BA5AAE2ABCCDA300C444DD /* PlantCardView.swift */; };
		E1E62D6A2ADEBCB4000DD33E /* SelectedPlantsStorage.swift in Sources */ = {isa = PBXBuildFile; fileRef = E1E62D692ADEBCB4000DD33E /* SelectedPlantsStorage.swift */; };
		E1E62D6C2ADEC170000DD33E /* ListPageView.swift in Sources */ = {isa = PBXBuildFile; fileRef = E1E62D6B2ADEC170000DD33E /* ListPageView.swift */; };
		E1EE7DE02ABF934F0087A2D0 /* HealthAssessmentModel.swift in Sources */ = {isa = PBXBuildFile; fileRef = E1EE7DDF2ABF934F0087A2D0 /* HealthAssessmentModel.swift */; };
		FA11AA4D2AD45E1400934D57 /* SettingsScreenView.swift in Sources */ = {isa = PBXBuildFile; fileRef = FA11AA4C2AD45E1400934D57 /* SettingsScreenView.swift */; };
		FA11AA4F2AD45E3800934D57 /* SettingsViewModel.swift in Sources */ = {isa = PBXBuildFile; fileRef = FA11AA4E2AD45E3800934D57 /* SettingsViewModel.swift */; };
		FA11AA522AD4ADFE00934D57 /* SelectedButton.swift in Sources */ = {isa = PBXBuildFile; fileRef = FA11AA512AD4ADFE00934D57 /* SelectedButton.swift */; };
		FA11AA542AD4AE2200934D57 /* ConnectionButton.swift in Sources */ = {isa = PBXBuildFile; fileRef = FA11AA532AD4AE2200934D57 /* ConnectionButton.swift */; };
		FA11AA5A2AD4B0BD00934D57 /* SettingsHeaderView.swift in Sources */ = {isa = PBXBuildFile; fileRef = FA11AA592AD4B0BD00934D57 /* SettingsHeaderView.swift */; };
		FA11AA5C2AD4B11000934D57 /* DevelopersTableView.swift in Sources */ = {isa = PBXBuildFile; fileRef = FA11AA5B2AD4B11000934D57 /* DevelopersTableView.swift */; };
		FA11AA5E2AD7539D00934D57 /* LoaderView.swift in Sources */ = {isa = PBXBuildFile; fileRef = FA11AA5D2AD7539D00934D57 /* LoaderView.swift */; };
		FA11AA602AD77D6A00934D57 /* SettingsTableView.swift in Sources */ = {isa = PBXBuildFile; fileRef = FA11AA5F2AD77D6A00934D57 /* SettingsTableView.swift */; };
		FA11AA622AD77EAC00934D57 /* VisualEffectView.swift in Sources */ = {isa = PBXBuildFile; fileRef = FA11AA612AD77EAC00934D57 /* VisualEffectView.swift */; };
		FA11AA642ADB6B8300934D57 /* BackButton.swift in Sources */ = {isa = PBXBuildFile; fileRef = FA11AA632ADB6B8300934D57 /* BackButton.swift */; };
/* End PBXBuildFile section */

/* Begin PBXFileReference section */
		0725BF1D2ADC0FD600C65CC7 /* LevelsInfoView.swift */ = {isa = PBXFileReference; lastKnownFileType = sourcecode.swift; path = LevelsInfoView.swift; sourceTree = "<group>"; };
		0725BF222ADC2C6B00C65CC7 /* UserPreferences.swift */ = {isa = PBXFileReference; lastKnownFileType = sourcecode.swift; path = UserPreferences.swift; sourceTree = "<group>"; };
		072ED8AE2AC95D84007CDE80 /* PlantDetailViewModel.swift */ = {isa = PBXFileReference; lastKnownFileType = sourcecode.swift; path = PlantDetailViewModel.swift; sourceTree = "<group>"; };
		072ED8B02AC95D90007CDE80 /* PlantDetailScreenView.swift */ = {isa = PBXFileReference; lastKnownFileType = sourcecode.swift; path = PlantDetailScreenView.swift; sourceTree = "<group>"; };
		4BB059672AC5C99B0032A1D2 /* PopularPlantsStorage.swift */ = {isa = PBXFileReference; lastKnownFileType = sourcecode.swift; path = PopularPlantsStorage.swift; sourceTree = "<group>"; };
		4BF3F93F2ADDEB950050FBF5 /* NotepadScreenView.swift */ = {isa = PBXFileReference; lastKnownFileType = sourcecode.swift; name = NotepadScreenView.swift; path = FollowNature/Flows/NotepadScreenView.swift; sourceTree = SOURCE_ROOT; };
		4BF3F9412ADDEBC80050FBF5 /* NotepadViewModel.swift */ = {isa = PBXFileReference; lastKnownFileType = sourcecode.swift; path = NotepadViewModel.swift; sourceTree = "<group>"; };
		E12046ED2AAF985A00FE0F2B /* FollowNature.app */ = {isa = PBXFileReference; explicitFileType = wrapper.application; includeInIndex = 0; path = FollowNature.app; sourceTree = BUILT_PRODUCTS_DIR; };
		E12046F02AAF985A00FE0F2B /* AppDelegate.swift */ = {isa = PBXFileReference; lastKnownFileType = sourcecode.swift; path = AppDelegate.swift; sourceTree = "<group>"; };
		E12046F22AAF985A00FE0F2B /* SceneDelegate.swift */ = {isa = PBXFileReference; lastKnownFileType = sourcecode.swift; path = SceneDelegate.swift; sourceTree = "<group>"; };
		E12046F42AAF985A00FE0F2B /* ViewController.swift */ = {isa = PBXFileReference; lastKnownFileType = sourcecode.swift; path = ViewController.swift; sourceTree = "<group>"; };
		E12046F72AAF985A00FE0F2B /* Base */ = {isa = PBXFileReference; lastKnownFileType = file.storyboard; name = Base; path = Base.lproj/Main.storyboard; sourceTree = "<group>"; };
		E12046F92AAF985B00FE0F2B /* Assets.xcassets */ = {isa = PBXFileReference; lastKnownFileType = folder.assetcatalog; path = Assets.xcassets; sourceTree = "<group>"; };
		E12046FC2AAF985B00FE0F2B /* Base */ = {isa = PBXFileReference; lastKnownFileType = file.storyboard; name = Base; path = Base.lproj/LaunchScreen.storyboard; sourceTree = "<group>"; };
		E12046FE2AAF985B00FE0F2B /* Info.plist */ = {isa = PBXFileReference; lastKnownFileType = text.plist.xml; path = Info.plist; sourceTree = "<group>"; };
		E12047232AAFB7F500FE0F2B /* XCAssets+Generated.swift */ = {isa = PBXFileReference; lastKnownFileType = sourcecode.swift; path = "XCAssets+Generated.swift"; sourceTree = "<group>"; };
		E12047252AAFB80600FE0F2B /* Strings+Generated.swift */ = {isa = PBXFileReference; lastKnownFileType = sourcecode.swift; path = "Strings+Generated.swift"; sourceTree = "<group>"; };
		E12047292AAFB98A00FE0F2B /* en */ = {isa = PBXFileReference; lastKnownFileType = text.plist.strings; name = en; path = en.lproj/Localizable.strings; sourceTree = "<group>"; };
		E120472D2AAFBDAF00FE0F2B /* PreviewMock.swift */ = {isa = PBXFileReference; lastKnownFileType = sourcecode.swift; path = PreviewMock.swift; sourceTree = "<group>"; };
		E120472F2AAFBDBE00FE0F2B /* EmptyRouter.swift */ = {isa = PBXFileReference; lastKnownFileType = sourcecode.swift; path = EmptyRouter.swift; sourceTree = "<group>"; };
		E12047312AAFBDD200FE0F2B /* MainTabBarCoordinator.swift */ = {isa = PBXFileReference; lastKnownFileType = sourcecode.swift; path = MainTabBarCoordinator.swift; sourceTree = "<group>"; };
		E12047332AAFBDE400FE0F2B /* ProfileCoordinator.swift */ = {isa = PBXFileReference; lastKnownFileType = sourcecode.swift; path = ProfileCoordinator.swift; sourceTree = "<group>"; };
		E12047352AAFBDF800FE0F2B /* NotepadCoordinator.swift */ = {isa = PBXFileReference; lastKnownFileType = sourcecode.swift; path = NotepadCoordinator.swift; sourceTree = "<group>"; };
		E12047372AAFBE0C00FE0F2B /* HomeCoordinator.swift */ = {isa = PBXFileReference; lastKnownFileType = sourcecode.swift; path = HomeCoordinator.swift; sourceTree = "<group>"; };
		E15A1FAC2ACC51980045F9DC /* JustifyViewModel.swift */ = {isa = PBXFileReference; lastKnownFileType = sourcecode.swift; path = JustifyViewModel.swift; sourceTree = "<group>"; };
		E15A1FB02ACC53280045F9DC /* TaxonomyRow.swift */ = {isa = PBXFileReference; lastKnownFileType = sourcecode.swift; path = TaxonomyRow.swift; sourceTree = "<group>"; };
		E19D69342AC4DC8000C9D797 /* JustifyCardView.swift */ = {isa = PBXFileReference; lastKnownFileType = sourcecode.swift; path = JustifyCardView.swift; sourceTree = "<group>"; };
		E19D693B2AC5E6F000C9D797 /* PhotoModel.swift */ = {isa = PBXFileReference; lastKnownFileType = sourcecode.swift; path = PhotoModel.swift; sourceTree = "<group>"; };
		E19D693D2AC5E7C800C9D797 /* FormdataResponseModel.swift */ = {isa = PBXFileReference; lastKnownFileType = sourcecode.swift; path = FormdataResponseModel.swift; sourceTree = "<group>"; };
		E19D69412AC5E8BC00C9D797 /* Base64ResponseModel.swift */ = {isa = PBXFileReference; lastKnownFileType = sourcecode.swift; path = Base64ResponseModel.swift; sourceTree = "<group>"; };
		E19D69452AC74DD600C9D797 /* JustifyScreenView.swift */ = {isa = PBXFileReference; lastKnownFileType = sourcecode.swift; path = JustifyScreenView.swift; sourceTree = "<group>"; };
		E1A586922AC1E534002C295F /* Constants.swift */ = {isa = PBXFileReference; lastKnownFileType = sourcecode.swift; path = Constants.swift; sourceTree = "<group>"; };
		E1B89E7F2ADB01EB0099BC3B /* PhotoPicker.swift */ = {isa = PBXFileReference; lastKnownFileType = sourcecode.swift; path = PhotoPicker.swift; sourceTree = "<group>"; };
		E1BA5AA02ABCC90800C444DD /* RecognitionService.swift */ = {isa = PBXFileReference; lastKnownFileType = sourcecode.swift; path = RecognitionService.swift; sourceTree = "<group>"; };
		E1BA5AA22ABCC96B00C444DD /* RecognitionRequestCollection.swift */ = {isa = PBXFileReference; lastKnownFileType = sourcecode.swift; path = RecognitionRequestCollection.swift; sourceTree = "<group>"; };
		E1BA5AA52ABCC9BB00C444DD /* HomeScreenView.swift */ = {isa = PBXFileReference; lastKnownFileType = sourcecode.swift; path = HomeScreenView.swift; sourceTree = "<group>"; };
		E1BA5AA72ABCC9F800C444DD /* HomeViewModel.swift */ = {isa = PBXFileReference; lastKnownFileType = sourcecode.swift; path = HomeViewModel.swift; sourceTree = "<group>"; };
		E1BA5AAB2ABCCD2100C444DD /* HeaderView.swift */ = {isa = PBXFileReference; lastKnownFileType = sourcecode.swift; path = HeaderView.swift; sourceTree = "<group>"; };
		E1BA5AAE2ABCCDA300C444DD /* PlantCardView.swift */ = {isa = PBXFileReference; lastKnownFileType = sourcecode.swift; path = PlantCardView.swift; sourceTree = "<group>"; };
		E1E62D692ADEBCB4000DD33E /* SelectedPlantsStorage.swift */ = {isa = PBXFileReference; lastKnownFileType = sourcecode.swift; path = SelectedPlantsStorage.swift; sourceTree = "<group>"; };
		E1E62D6B2ADEC170000DD33E /* ListPageView.swift */ = {isa = PBXFileReference; lastKnownFileType = sourcecode.swift; path = ListPageView.swift; sourceTree = "<group>"; };
		E1EE7DDF2ABF934F0087A2D0 /* HealthAssessmentModel.swift */ = {isa = PBXFileReference; lastKnownFileType = sourcecode.swift; path = HealthAssessmentModel.swift; sourceTree = "<group>"; };
		FA11AA4C2AD45E1400934D57 /* SettingsScreenView.swift */ = {isa = PBXFileReference; lastKnownFileType = sourcecode.swift; path = SettingsScreenView.swift; sourceTree = "<group>"; };
		FA11AA4E2AD45E3800934D57 /* SettingsViewModel.swift */ = {isa = PBXFileReference; lastKnownFileType = sourcecode.swift; path = SettingsViewModel.swift; sourceTree = "<group>"; };
		FA11AA512AD4ADFE00934D57 /* SelectedButton.swift */ = {isa = PBXFileReference; lastKnownFileType = sourcecode.swift; path = SelectedButton.swift; sourceTree = "<group>"; };
		FA11AA532AD4AE2200934D57 /* ConnectionButton.swift */ = {isa = PBXFileReference; lastKnownFileType = sourcecode.swift; path = ConnectionButton.swift; sourceTree = "<group>"; };
		FA11AA592AD4B0BD00934D57 /* SettingsHeaderView.swift */ = {isa = PBXFileReference; lastKnownFileType = sourcecode.swift; path = SettingsHeaderView.swift; sourceTree = "<group>"; };
		FA11AA5B2AD4B11000934D57 /* DevelopersTableView.swift */ = {isa = PBXFileReference; lastKnownFileType = sourcecode.swift; path = DevelopersTableView.swift; sourceTree = "<group>"; };
		FA11AA5D2AD7539D00934D57 /* LoaderView.swift */ = {isa = PBXFileReference; lastKnownFileType = sourcecode.swift; path = LoaderView.swift; sourceTree = "<group>"; };
		FA11AA5F2AD77D6A00934D57 /* SettingsTableView.swift */ = {isa = PBXFileReference; lastKnownFileType = sourcecode.swift; path = SettingsTableView.swift; sourceTree = "<group>"; };
		FA11AA612AD77EAC00934D57 /* VisualEffectView.swift */ = {isa = PBXFileReference; lastKnownFileType = sourcecode.swift; path = VisualEffectView.swift; sourceTree = "<group>"; };
		FA11AA632ADB6B8300934D57 /* BackButton.swift */ = {isa = PBXFileReference; lastKnownFileType = sourcecode.swift; path = BackButton.swift; sourceTree = "<group>"; };
/* End PBXFileReference section */

/* Begin PBXFrameworksBuildPhase section */
		E12046EA2AAF985A00FE0F2B /* Frameworks */ = {
			isa = PBXFrameworksBuildPhase;
			buildActionMask = 2147483647;
			files = (
				E120473E2AAFBF0C00FE0F2B /* Moya in Frameworks */,
				E12047412AAFBF6400FE0F2B /* XCoordinator in Frameworks */,
				E120473C2AAFBF0C00FE0F2B /* CombineMoya in Frameworks */,
			);
			runOnlyForDeploymentPostprocessing = 0;
		};
/* End PBXFrameworksBuildPhase section */

/* Begin PBXGroup section */
		0725BF242ADC4AF000C65CC7 /* Storage */ = {
			isa = PBXGroup;
			children = (
				4BB059672AC5C99B0032A1D2 /* PopularPlantsStorage.swift */,
				E1E62D692ADEBCB4000DD33E /* SelectedPlantsStorage.swift */,
				0725BF222ADC2C6B00C65CC7 /* UserPreferences.swift */,
			);
			path = Storage;
			sourceTree = "<group>";
		};
		072ED8AD2AC95C8B007CDE80 /* Details */ = {
			isa = PBXGroup;
			children = (
				072ED8B02AC95D90007CDE80 /* PlantDetailScreenView.swift */,
				072ED8AE2AC95D84007CDE80 /* PlantDetailViewModel.swift */,
				E15A1FB42ACC5CBD0045F9DC /* Views */,
			);
			path = Details;
			sourceTree = "<group>";
		};
		4BF3F93E2ADDEB800050FBF5 /* Notepad */ = {
			isa = PBXGroup;
			children = (
				4BF3F93F2ADDEB950050FBF5 /* NotepadScreenView.swift */,
				4BF3F9412ADDEBC80050FBF5 /* NotepadViewModel.swift */,
				E1E62D6D2ADEC177000DD33E /* Views */,
			);
			path = Notepad;
			sourceTree = "<group>";
		};
		E12046E42AAF985A00FE0F2B = {
			isa = PBXGroup;
			children = (
				E12046EF2AAF985A00FE0F2B /* FollowNature */,
				E12046EE2AAF985A00FE0F2B /* Products */,
			);
			sourceTree = "<group>";
		};
		E12046EE2AAF985A00FE0F2B /* Products */ = {
			isa = PBXGroup;
			children = (
				E12046ED2AAF985A00FE0F2B /* FollowNature.app */,
			);
			name = Products;
			sourceTree = "<group>";
		};
		E12046EF2AAF985A00FE0F2B /* FollowNature */ = {
			isa = PBXGroup;
			children = (
				E120472B2AAFBC9300FE0F2B /* AppDelegate */,
				E1BA5AA42ABCC99D00C444DD /* Flows */,
				E1BA5AAD2ABCCD3D00C444DD /* Components */,
				E120472C2AAFBCF300FE0F2B /* Coordinators */,
				E1A586912AC1E516002C295F /* Utils */,
				E12047272AAFB81300FE0F2B /* Resources */,
				E1BA5A9E2ABCC7BC00C444DD /* Services */,
				E12046F42AAF985A00FE0F2B /* ViewController.swift */,
				E12046F62AAF985A00FE0F2B /* Main.storyboard */,
				E12046FB2AAF985B00FE0F2B /* LaunchScreen.storyboard */,
				E12046FE2AAF985B00FE0F2B /* Info.plist */,
			);
			path = FollowNature;
			sourceTree = "<group>";
		};
		E12047202AAFB7B500FE0F2B /* Generated */ = {
			isa = PBXGroup;
			children = (
				E12047232AAFB7F500FE0F2B /* XCAssets+Generated.swift */,
				E12047252AAFB80600FE0F2B /* Strings+Generated.swift */,
			);
			path = Generated;
			sourceTree = "<group>";
		};
		E12047272AAFB81300FE0F2B /* Resources */ = {
			isa = PBXGroup;
			children = (
				E12047202AAFB7B500FE0F2B /* Generated */,
				E12046F92AAF985B00FE0F2B /* Assets.xcassets */,
				E120472A2AAFB98A00FE0F2B /* Localizable.strings */,
			);
			path = Resources;
			sourceTree = "<group>";
		};
		E120472B2AAFBC9300FE0F2B /* AppDelegate */ = {
			isa = PBXGroup;
			children = (
				E12046F02AAF985A00FE0F2B /* AppDelegate.swift */,
				E12046F22AAF985A00FE0F2B /* SceneDelegate.swift */,
			);
			path = AppDelegate;
			sourceTree = "<group>";
		};
		E120472C2AAFBCF300FE0F2B /* Coordinators */ = {
			isa = PBXGroup;
			children = (
				E12047392AAFBE1400FE0F2B /* Routers */,
				E12047312AAFBDD200FE0F2B /* MainTabBarCoordinator.swift */,
				E12047372AAFBE0C00FE0F2B /* HomeCoordinator.swift */,
				E12047352AAFBDF800FE0F2B /* NotepadCoordinator.swift */,
				E12047332AAFBDE400FE0F2B /* ProfileCoordinator.swift */,
			);
			path = Coordinators;
			sourceTree = "<group>";
		};
		E12047392AAFBE1400FE0F2B /* Routers */ = {
			isa = PBXGroup;
			children = (
				E120472D2AAFBDAF00FE0F2B /* PreviewMock.swift */,
				E120472F2AAFBDBE00FE0F2B /* EmptyRouter.swift */,
			);
			path = Routers;
			sourceTree = "<group>";
		};
		E15A1FAE2ACC51B80045F9DC /* Home */ = {
			isa = PBXGroup;
			children = (
				E1BA5AA52ABCC9BB00C444DD /* HomeScreenView.swift */,
				E1BA5AA72ABCC9F800C444DD /* HomeViewModel.swift */,
				E1BA5AAA2ABCCD0200C444DD /* Views */,
			);
			path = Home;
			sourceTree = "<group>";
		};
		E15A1FAF2ACC51F30045F9DC /* Justify */ = {
			isa = PBXGroup;
			children = (
				E19D69452AC74DD600C9D797 /* JustifyScreenView.swift */,
				E15A1FAC2ACC51980045F9DC /* JustifyViewModel.swift */,
			);
			path = Justify;
			sourceTree = "<group>";
		};
		E15A1FB42ACC5CBD0045F9DC /* Views */ = {
			isa = PBXGroup;
			children = (
				E15A1FB02ACC53280045F9DC /* TaxonomyRow.swift */,
			);
			path = Views;
			sourceTree = "<group>";
		};
		E1A586912AC1E516002C295F /* Utils */ = {
			isa = PBXGroup;
			children = (
				0725BF242ADC4AF000C65CC7 /* Storage */,
				E1A586922AC1E534002C295F /* Constants.swift */,
			);
			path = Utils;
			sourceTree = "<group>";
		};
		E1BA5A9E2ABCC7BC00C444DD /* Services */ = {
			isa = PBXGroup;
			children = (
				E1EE7DD92ABE1B590087A2D0 /* Models */,
				E1BA5A9F2ABCC7D300C444DD /* Network */,
			);
			path = Services;
			sourceTree = "<group>";
		};
		E1BA5A9F2ABCC7D300C444DD /* Network */ = {
			isa = PBXGroup;
			children = (
				E1BA5AA02ABCC90800C444DD /* RecognitionService.swift */,
				E1BA5AA22ABCC96B00C444DD /* RecognitionRequestCollection.swift */,
			);
			path = Network;
			sourceTree = "<group>";
		};
		E1BA5AA42ABCC99D00C444DD /* Flows */ = {
			isa = PBXGroup;
			children = (
				E1BA5AA92ABCCCF600C444DD /* Main */,
				4BF3F93E2ADDEB800050FBF5 /* Notepad */,
				FA11AA4B2AD45D4800934D57 /* Settings */,
			);
			path = Flows;
			sourceTree = "<group>";
		};
		E1BA5AA92ABCCCF600C444DD /* Main */ = {
			isa = PBXGroup;
			children = (
				E15A1FAE2ACC51B80045F9DC /* Home */,
				E15A1FAF2ACC51F30045F9DC /* Justify */,
			);
			path = Main;
			sourceTree = "<group>";
		};
		E1BA5AAA2ABCCD0200C444DD /* Views */ = {
			isa = PBXGroup;
			children = (
				E1BA5AAB2ABCCD2100C444DD /* HeaderView.swift */,
				E1B89E7F2ADB01EB0099BC3B /* PhotoPicker.swift */,
				0725BF1D2ADC0FD600C65CC7 /* LevelsInfoView.swift */,
			);
			path = Views;
			sourceTree = "<group>";
		};
		E1BA5AAD2ABCCD3D00C444DD /* Components */ = {
			isa = PBXGroup;
			children = (
				072ED8AD2AC95C8B007CDE80 /* Details */,
				E19D69342AC4DC8000C9D797 /* JustifyCardView.swift */,
				E1BA5AAE2ABCCDA300C444DD /* PlantCardView.swift */,
				FA11AA612AD77EAC00934D57 /* VisualEffectView.swift */,
				FA11AA632ADB6B8300934D57 /* BackButton.swift */,
			);
			path = Components;
			sourceTree = "<group>";
		};
		E1E62D6D2ADEC177000DD33E /* Views */ = {
			isa = PBXGroup;
			children = (
				E1E62D6B2ADEC170000DD33E /* ListPageView.swift */,
			);
			path = Views;
			sourceTree = "<group>";
		};
		E1EE7DD92ABE1B590087A2D0 /* Models */ = {
			isa = PBXGroup;
			children = (
				E19D693D2AC5E7C800C9D797 /* FormdataResponseModel.swift */,
				E19D69412AC5E8BC00C9D797 /* Base64ResponseModel.swift */,
				E19D693B2AC5E6F000C9D797 /* PhotoModel.swift */,
				E1EE7DDF2ABF934F0087A2D0 /* HealthAssessmentModel.swift */,
			);
			path = Models;
			sourceTree = "<group>";
		};
		FA11AA4B2AD45D4800934D57 /* Settings */ = {
			isa = PBXGroup;
			children = (
				FA11AA4C2AD45E1400934D57 /* SettingsScreenView.swift */,
				FA11AA4E2AD45E3800934D57 /* SettingsViewModel.swift */,
				FA11AA5D2AD7539D00934D57 /* LoaderView.swift */,
				FA11AA502AD45E5500934D57 /* Views */,
			);
			path = Settings;
			sourceTree = "<group>";
		};
		FA11AA502AD45E5500934D57 /* Views */ = {
			isa = PBXGroup;
			children = (
				FA11AA512AD4ADFE00934D57 /* SelectedButton.swift */,
				FA11AA532AD4AE2200934D57 /* ConnectionButton.swift */,
				FA11AA592AD4B0BD00934D57 /* SettingsHeaderView.swift */,
				FA11AA5B2AD4B11000934D57 /* DevelopersTableView.swift */,
				FA11AA5F2AD77D6A00934D57 /* SettingsTableView.swift */,
			);
			path = Views;
			sourceTree = "<group>";
		};
/* End PBXGroup section */

/* Begin PBXNativeTarget section */
		E12046EC2AAF985A00FE0F2B /* FollowNature */ = {
			isa = PBXNativeTarget;
			buildConfigurationList = E12047012AAF985B00FE0F2B /* Build configuration list for PBXNativeTarget "FollowNature" */;
			buildPhases = (
				E12046E92AAF985A00FE0F2B /* Sources */,
				E12046EA2AAF985A00FE0F2B /* Frameworks */,
				E12046EB2AAF985A00FE0F2B /* Resources */,
			);
			buildRules = (
			);
			dependencies = (
			);
			name = FollowNature;
			packageProductDependencies = (
				E120473B2AAFBF0C00FE0F2B /* CombineMoya */,
				E120473D2AAFBF0C00FE0F2B /* Moya */,
				E12047402AAFBF6400FE0F2B /* XCoordinator */,
			);
			productName = FollowNature;
			productReference = E12046ED2AAF985A00FE0F2B /* FollowNature.app */;
			productType = "com.apple.product-type.application";
		};
/* End PBXNativeTarget section */

/* Begin PBXProject section */
		E12046E52AAF985A00FE0F2B /* Project object */ = {
			isa = PBXProject;
			attributes = {
				BuildIndependentTargetsInParallel = 1;
				LastSwiftUpdateCheck = 1430;
				LastUpgradeCheck = 1500;
				TargetAttributes = {
					E12046EC2AAF985A00FE0F2B = {
						CreatedOnToolsVersion = 14.3;
					};
				};
			};
			buildConfigurationList = E12046E82AAF985A00FE0F2B /* Build configuration list for PBXProject "FollowNature" */;
			compatibilityVersion = "Xcode 14.0";
			developmentRegion = en;
			hasScannedForEncodings = 0;
			knownRegions = (
				en,
				Base,
			);
			mainGroup = E12046E42AAF985A00FE0F2B;
			packageReferences = (
				E120473A2AAFBF0C00FE0F2B /* XCRemoteSwiftPackageReference "Moya" */,
				E120473F2AAFBF6400FE0F2B /* XCRemoteSwiftPackageReference "XCoordinator" */,
			);
			productRefGroup = E12046EE2AAF985A00FE0F2B /* Products */;
			projectDirPath = "";
			projectRoot = "";
			targets = (
				E12046EC2AAF985A00FE0F2B /* FollowNature */,
			);
		};
/* End PBXProject section */

/* Begin PBXResourcesBuildPhase section */
		E12046EB2AAF985A00FE0F2B /* Resources */ = {
			isa = PBXResourcesBuildPhase;
			buildActionMask = 2147483647;
			files = (
				E12046FD2AAF985B00FE0F2B /* LaunchScreen.storyboard in Resources */,
				E12047282AAFB98A00FE0F2B /* Localizable.strings in Resources */,
				E12046FA2AAF985B00FE0F2B /* Assets.xcassets in Resources */,
				E12046F82AAF985A00FE0F2B /* Main.storyboard in Resources */,
			);
			runOnlyForDeploymentPostprocessing = 0;
		};
/* End PBXResourcesBuildPhase section */

/* Begin PBXSourcesBuildPhase section */
		E12046E92AAF985A00FE0F2B /* Sources */ = {
			isa = PBXSourcesBuildPhase;
			buildActionMask = 2147483647;
			files = (
				E120472E2AAFBDAF00FE0F2B /* PreviewMock.swift in Sources */,
				E19D69422AC5E8BC00C9D797 /* Base64ResponseModel.swift in Sources */,
				4BF3F9422ADDEBC80050FBF5 /* NotepadViewModel.swift in Sources */,
				FA11AA522AD4ADFE00934D57 /* SelectedButton.swift in Sources */,
				E1EE7DE02ABF934F0087A2D0 /* HealthAssessmentModel.swift in Sources */,
				E12047262AAFB80600FE0F2B /* Strings+Generated.swift in Sources */,
				E12047362AAFBDF800FE0F2B /* NotepadCoordinator.swift in Sources */,
				E1A586932AC1E534002C295F /* Constants.swift in Sources */,
				E12047302AAFBDBE00FE0F2B /* EmptyRouter.swift in Sources */,
				E12047322AAFBDD200FE0F2B /* MainTabBarCoordinator.swift in Sources */,
				E1BA5AA82ABCC9F800C444DD /* HomeViewModel.swift in Sources */,
				E1E62D6C2ADEC170000DD33E /* ListPageView.swift in Sources */,
				E15A1FAD2ACC51980045F9DC /* JustifyViewModel.swift in Sources */,
				E1B89E802ADB01EB0099BC3B /* PhotoPicker.swift in Sources */,
				E19D69462AC74DD600C9D797 /* JustifyScreenView.swift in Sources */,
				E15A1FB12ACC53280045F9DC /* TaxonomyRow.swift in Sources */,
				FA11AA5E2AD7539D00934D57 /* LoaderView.swift in Sources */,
				FA11AA602AD77D6A00934D57 /* SettingsTableView.swift in Sources */,
				FA11AA642ADB6B8300934D57 /* BackButton.swift in Sources */,
				E1BA5AA12ABCC90800C444DD /* RecognitionService.swift in Sources */,
				E12046F52AAF985A00FE0F2B /* ViewController.swift in Sources */,
				E1E62D6A2ADEBCB4000DD33E /* SelectedPlantsStorage.swift in Sources */,
				E12046F12AAF985A00FE0F2B /* AppDelegate.swift in Sources */,
				E12046F32AAF985A00FE0F2B /* SceneDelegate.swift in Sources */,
				E1BA5AA62ABCC9BB00C444DD /* HomeScreenView.swift in Sources */,
				FA11AA622AD77EAC00934D57 /* VisualEffectView.swift in Sources */,
				FA11AA4F2AD45E3800934D57 /* SettingsViewModel.swift in Sources */,
				072ED8AF2AC95D84007CDE80 /* PlantDetailViewModel.swift in Sources */,
				E1BA5AA32ABCC96B00C444DD /* RecognitionRequestCollection.swift in Sources */,
				072ED8B12AC95D90007CDE80 /* PlantDetailScreenView.swift in Sources */,
				E12047342AAFBDE400FE0F2B /* ProfileCoordinator.swift in Sources */,
				FA11AA5C2AD4B11000934D57 /* DevelopersTableView.swift in Sources */,
				E12047242AAFB7F500FE0F2B /* XCAssets+Generated.swift in Sources */,
				E19D69352AC4DC8000C9D797 /* JustifyCardView.swift in Sources */,
				E1BA5AAF2ABCCDA300C444DD /* PlantCardView.swift in Sources */,
				FA11AA5A2AD4B0BD00934D57 /* SettingsHeaderView.swift in Sources */,
				E12047382AAFBE0C00FE0F2B /* HomeCoordinator.swift in Sources */,
				4BB059682AC5C99B0032A1D2 /* PopularPlantsStorage.swift in Sources */,
				FA11AA542AD4AE2200934D57 /* ConnectionButton.swift in Sources */,
				E19D693C2AC5E6F000C9D797 /* PhotoModel.swift in Sources */,
				0725BF232ADC2C6B00C65CC7 /* UserPreferences.swift in Sources */,
				E1BA5AAC2ABCCD2100C444DD /* HeaderView.swift in Sources */,
				0725BF1E2ADC0FD600C65CC7 /* LevelsInfoView.swift in Sources */,
				E19D693E2AC5E7C800C9D797 /* FormdataResponseModel.swift in Sources */,
				4BF3F9402ADDEB950050FBF5 /* NotepadScreenView.swift in Sources */,
				FA11AA4D2AD45E1400934D57 /* SettingsScreenView.swift in Sources */,
			);
			runOnlyForDeploymentPostprocessing = 0;
		};
/* End PBXSourcesBuildPhase section */

/* Begin PBXVariantGroup section */
		E12046F62AAF985A00FE0F2B /* Main.storyboard */ = {
			isa = PBXVariantGroup;
			children = (
				E12046F72AAF985A00FE0F2B /* Base */,
			);
			name = Main.storyboard;
			sourceTree = "<group>";
		};
		E12046FB2AAF985B00FE0F2B /* LaunchScreen.storyboard */ = {
			isa = PBXVariantGroup;
			children = (
				E12046FC2AAF985B00FE0F2B /* Base */,
			);
			name = LaunchScreen.storyboard;
			sourceTree = "<group>";
		};
		E120472A2AAFB98A00FE0F2B /* Localizable.strings */ = {
			isa = PBXVariantGroup;
			children = (
				E12047292AAFB98A00FE0F2B /* en */,
			);
			name = Localizable.strings;
			sourceTree = "<group>";
		};
/* End PBXVariantGroup section */

/* Begin XCBuildConfiguration section */
		E12046FF2AAF985B00FE0F2B /* Debug */ = {
			isa = XCBuildConfiguration;
			buildSettings = {
				ALWAYS_SEARCH_USER_PATHS = NO;
				CLANG_ANALYZER_NONNULL = YES;
				CLANG_ANALYZER_NUMBER_OBJECT_CONVERSION = YES_AGGRESSIVE;
				CLANG_CXX_LANGUAGE_STANDARD = "gnu++20";
				CLANG_ENABLE_MODULES = YES;
				CLANG_ENABLE_OBJC_ARC = YES;
				CLANG_ENABLE_OBJC_WEAK = YES;
				CLANG_WARN_BLOCK_CAPTURE_AUTORELEASING = YES;
				CLANG_WARN_BOOL_CONVERSION = YES;
				CLANG_WARN_COMMA = YES;
				CLANG_WARN_CONSTANT_CONVERSION = YES;
				CLANG_WARN_DEPRECATED_OBJC_IMPLEMENTATIONS = YES;
				CLANG_WARN_DIRECT_OBJC_ISA_USAGE = YES_ERROR;
				CLANG_WARN_DOCUMENTATION_COMMENTS = YES;
				CLANG_WARN_EMPTY_BODY = YES;
				CLANG_WARN_ENUM_CONVERSION = YES;
				CLANG_WARN_INFINITE_RECURSION = YES;
				CLANG_WARN_INT_CONVERSION = YES;
				CLANG_WARN_NON_LITERAL_NULL_CONVERSION = YES;
				CLANG_WARN_OBJC_IMPLICIT_RETAIN_SELF = YES;
				CLANG_WARN_OBJC_LITERAL_CONVERSION = YES;
				CLANG_WARN_OBJC_ROOT_CLASS = YES_ERROR;
				CLANG_WARN_QUOTED_INCLUDE_IN_FRAMEWORK_HEADER = YES;
				CLANG_WARN_RANGE_LOOP_ANALYSIS = YES;
				CLANG_WARN_STRICT_PROTOTYPES = YES;
				CLANG_WARN_SUSPICIOUS_MOVE = YES;
				CLANG_WARN_UNGUARDED_AVAILABILITY = YES_AGGRESSIVE;
				CLANG_WARN_UNREACHABLE_CODE = YES;
				CLANG_WARN__DUPLICATE_METHOD_MATCH = YES;
				COPY_PHASE_STRIP = NO;
				DEBUG_INFORMATION_FORMAT = dwarf;
				ENABLE_STRICT_OBJC_MSGSEND = YES;
				ENABLE_TESTABILITY = YES;
				ENABLE_USER_SCRIPT_SANDBOXING = YES;
				GCC_C_LANGUAGE_STANDARD = gnu11;
				GCC_DYNAMIC_NO_PIC = NO;
				GCC_NO_COMMON_BLOCKS = YES;
				GCC_OPTIMIZATION_LEVEL = 0;
				GCC_PREPROCESSOR_DEFINITIONS = (
					"DEBUG=1",
					"$(inherited)",
				);
				GCC_WARN_64_TO_32_BIT_CONVERSION = YES;
				GCC_WARN_ABOUT_RETURN_TYPE = YES_ERROR;
				GCC_WARN_UNDECLARED_SELECTOR = YES;
				GCC_WARN_UNINITIALIZED_AUTOS = YES_AGGRESSIVE;
				GCC_WARN_UNUSED_FUNCTION = YES;
				GCC_WARN_UNUSED_VARIABLE = YES;
				"INFOPLIST_KEY_UIUserInterfaceStyle[sdk=*]" = Light;
				IPHONEOS_DEPLOYMENT_TARGET = 15.0;
				MTL_ENABLE_DEBUG_INFO = INCLUDE_SOURCE;
				MTL_FAST_MATH = YES;
				ONLY_ACTIVE_ARCH = YES;
				SDKROOT = iphoneos;
				SWIFT_ACTIVE_COMPILATION_CONDITIONS = DEBUG;
				SWIFT_OPTIMIZATION_LEVEL = "-Onone";
			};
			name = Debug;
		};
		E12047002AAF985B00FE0F2B /* Release */ = {
			isa = XCBuildConfiguration;
			buildSettings = {
				ALWAYS_SEARCH_USER_PATHS = NO;
				CLANG_ANALYZER_NONNULL = YES;
				CLANG_ANALYZER_NUMBER_OBJECT_CONVERSION = YES_AGGRESSIVE;
				CLANG_CXX_LANGUAGE_STANDARD = "gnu++20";
				CLANG_ENABLE_MODULES = YES;
				CLANG_ENABLE_OBJC_ARC = YES;
				CLANG_ENABLE_OBJC_WEAK = YES;
				CLANG_WARN_BLOCK_CAPTURE_AUTORELEASING = YES;
				CLANG_WARN_BOOL_CONVERSION = YES;
				CLANG_WARN_COMMA = YES;
				CLANG_WARN_CONSTANT_CONVERSION = YES;
				CLANG_WARN_DEPRECATED_OBJC_IMPLEMENTATIONS = YES;
				CLANG_WARN_DIRECT_OBJC_ISA_USAGE = YES_ERROR;
				CLANG_WARN_DOCUMENTATION_COMMENTS = YES;
				CLANG_WARN_EMPTY_BODY = YES;
				CLANG_WARN_ENUM_CONVERSION = YES;
				CLANG_WARN_INFINITE_RECURSION = YES;
				CLANG_WARN_INT_CONVERSION = YES;
				CLANG_WARN_NON_LITERAL_NULL_CONVERSION = YES;
				CLANG_WARN_OBJC_IMPLICIT_RETAIN_SELF = YES;
				CLANG_WARN_OBJC_LITERAL_CONVERSION = YES;
				CLANG_WARN_OBJC_ROOT_CLASS = YES_ERROR;
				CLANG_WARN_QUOTED_INCLUDE_IN_FRAMEWORK_HEADER = YES;
				CLANG_WARN_RANGE_LOOP_ANALYSIS = YES;
				CLANG_WARN_STRICT_PROTOTYPES = YES;
				CLANG_WARN_SUSPICIOUS_MOVE = YES;
				CLANG_WARN_UNGUARDED_AVAILABILITY = YES_AGGRESSIVE;
				CLANG_WARN_UNREACHABLE_CODE = YES;
				CLANG_WARN__DUPLICATE_METHOD_MATCH = YES;
				COPY_PHASE_STRIP = NO;
				DEBUG_INFORMATION_FORMAT = "dwarf-with-dsym";
				ENABLE_NS_ASSERTIONS = NO;
				ENABLE_STRICT_OBJC_MSGSEND = YES;
				ENABLE_USER_SCRIPT_SANDBOXING = YES;
				GCC_C_LANGUAGE_STANDARD = gnu11;
				GCC_NO_COMMON_BLOCKS = YES;
				GCC_WARN_64_TO_32_BIT_CONVERSION = YES;
				GCC_WARN_ABOUT_RETURN_TYPE = YES_ERROR;
				GCC_WARN_UNDECLARED_SELECTOR = YES;
				GCC_WARN_UNINITIALIZED_AUTOS = YES_AGGRESSIVE;
				GCC_WARN_UNUSED_FUNCTION = YES;
				GCC_WARN_UNUSED_VARIABLE = YES;
				IPHONEOS_DEPLOYMENT_TARGET = 15.0;
				MTL_ENABLE_DEBUG_INFO = NO;
				MTL_FAST_MATH = YES;
				SDKROOT = iphoneos;
				SWIFT_COMPILATION_MODE = wholemodule;
				SWIFT_OPTIMIZATION_LEVEL = "-O";
				VALIDATE_PRODUCT = YES;
			};
			name = Release;
		};
		E12047022AAF985B00FE0F2B /* Debug */ = {
			isa = XCBuildConfiguration;
			buildSettings = {
				ASSETCATALOG_COMPILER_APPICON_NAME = AppIcon;
				ASSETCATALOG_COMPILER_GLOBAL_ACCENT_COLOR_NAME = AccentColor;
				CODE_SIGN_STYLE = Automatic;
				CURRENT_PROJECT_VERSION = 1;
				DEVELOPMENT_TEAM = 4DUTCP7Z6J;
				GENERATE_INFOPLIST_FILE = YES;
				INFOPLIST_FILE = FollowNature/Info.plist;
				INFOPLIST_KEY_NSCameraUsageDescription = "Сделать фото растения";
				INFOPLIST_KEY_NSPrincipalClass = "";
				INFOPLIST_KEY_UIApplicationSupportsIndirectInputEvents = YES;
				INFOPLIST_KEY_UILaunchStoryboardName = LaunchScreen;
				INFOPLIST_KEY_UIMainStoryboardFile = Main;
				INFOPLIST_KEY_UISupportedInterfaceOrientations = UIInterfaceOrientationPortrait;
				INFOPLIST_KEY_UIUserInterfaceStyle = Light;
				IPHONEOS_DEPLOYMENT_TARGET = 15.0;
				LD_RUNPATH_SEARCH_PATHS = (
					"$(inherited)",
					"@executable_path/Frameworks",
				);
				MARKETING_VERSION = 1.0;
				PRODUCT_BUNDLE_IDENTIFIER = aw.FollowNature;
				PRODUCT_NAME = "$(TARGET_NAME)";
				SUPPORTED_PLATFORMS = "iphoneos iphonesimulator";
				SUPPORTS_MACCATALYST = NO;
				SUPPORTS_MAC_DESIGNED_FOR_IPHONE_IPAD = YES;
				SWIFT_EMIT_LOC_STRINGS = YES;
				SWIFT_VERSION = 5.0;
				TARGETED_DEVICE_FAMILY = 1;
			};
			name = Debug;
		};
		E12047032AAF985B00FE0F2B /* Release */ = {
			isa = XCBuildConfiguration;
			buildSettings = {
				ASSETCATALOG_COMPILER_APPICON_NAME = AppIcon;
				ASSETCATALOG_COMPILER_GLOBAL_ACCENT_COLOR_NAME = AccentColor;
				CODE_SIGN_STYLE = Automatic;
				CURRENT_PROJECT_VERSION = 1;
				DEVELOPMENT_TEAM = 4DUTCP7Z6J;
				GENERATE_INFOPLIST_FILE = YES;
				INFOPLIST_FILE = FollowNature/Info.plist;
				INFOPLIST_KEY_NSCameraUsageDescription = "Сделать фото растения";
				INFOPLIST_KEY_NSPrincipalClass = "";
				INFOPLIST_KEY_UIApplicationSupportsIndirectInputEvents = YES;
				INFOPLIST_KEY_UILaunchStoryboardName = LaunchScreen;
				INFOPLIST_KEY_UIMainStoryboardFile = Main;
				INFOPLIST_KEY_UISupportedInterfaceOrientations = UIInterfaceOrientationPortrait;
				INFOPLIST_KEY_UIUserInterfaceStyle = Light;
				IPHONEOS_DEPLOYMENT_TARGET = 15.0;
				LD_RUNPATH_SEARCH_PATHS = (
					"$(inherited)",
					"@executable_path/Frameworks",
				);
				MARKETING_VERSION = 1.0;
				PRODUCT_BUNDLE_IDENTIFIER = aw.FollowNature;
				PRODUCT_NAME = "$(TARGET_NAME)";
				SUPPORTED_PLATFORMS = "iphoneos iphonesimulator";
				SUPPORTS_MACCATALYST = NO;
				SUPPORTS_MAC_DESIGNED_FOR_IPHONE_IPAD = YES;
				SWIFT_EMIT_LOC_STRINGS = YES;
				SWIFT_VERSION = 5.0;
				TARGETED_DEVICE_FAMILY = 1;
			};
			name = Release;
		};
/* End XCBuildConfiguration section */

/* Begin XCConfigurationList section */
		E12046E82AAF985A00FE0F2B /* Build configuration list for PBXProject "FollowNature" */ = {
			isa = XCConfigurationList;
			buildConfigurations = (
				E12046FF2AAF985B00FE0F2B /* Debug */,
				E12047002AAF985B00FE0F2B /* Release */,
			);
			defaultConfigurationIsVisible = 0;
			defaultConfigurationName = Release;
		};
		E12047012AAF985B00FE0F2B /* Build configuration list for PBXNativeTarget "FollowNature" */ = {
			isa = XCConfigurationList;
			buildConfigurations = (
				E12047022AAF985B00FE0F2B /* Debug */,
				E12047032AAF985B00FE0F2B /* Release */,
			);
			defaultConfigurationIsVisible = 0;
			defaultConfigurationName = Release;
		};
/* End XCConfigurationList section */

/* Begin XCRemoteSwiftPackageReference section */
		E120473A2AAFBF0C00FE0F2B /* XCRemoteSwiftPackageReference "Moya" */ = {
			isa = XCRemoteSwiftPackageReference;
			repositoryURL = "https://github.com/Moya/Moya.git";
			requirement = {
				kind = upToNextMajorVersion;
				minimumVersion = 15.0.0;
			};
		};
		E120473F2AAFBF6400FE0F2B /* XCRemoteSwiftPackageReference "XCoordinator" */ = {
			isa = XCRemoteSwiftPackageReference;
			repositoryURL = "https://github.com/QuickBirdEng/XCoordinator.git";
			requirement = {
				kind = upToNextMajorVersion;
				minimumVersion = 2.0.0;
			};
		};
/* End XCRemoteSwiftPackageReference section */

/* Begin XCSwiftPackageProductDependency section */
		E120473B2AAFBF0C00FE0F2B /* CombineMoya */ = {
			isa = XCSwiftPackageProductDependency;
			package = E120473A2AAFBF0C00FE0F2B /* XCRemoteSwiftPackageReference "Moya" */;
			productName = CombineMoya;
		};
		E120473D2AAFBF0C00FE0F2B /* Moya */ = {
			isa = XCSwiftPackageProductDependency;
			package = E120473A2AAFBF0C00FE0F2B /* XCRemoteSwiftPackageReference "Moya" */;
			productName = Moya;
		};
		E12047402AAFBF6400FE0F2B /* XCoordinator */ = {
			isa = XCSwiftPackageProductDependency;
			package = E120473F2AAFBF6400FE0F2B /* XCRemoteSwiftPackageReference "XCoordinator" */;
			productName = XCoordinator;
		};
/* End XCSwiftPackageProductDependency section */
	};
	rootObject = E12046E52AAF985A00FE0F2B /* Project object */;
}
