// !$*UTF8*$!
{
	archiveVersion = 1;
	classes = {
	};
	objectVersion = 56;
	objects = {

/* Begin PBXBuildFile section */
		E12046F12AAF985A00FE0F2B /* AppDelegate.swift in Sources */ = {isa = PBXBuildFile; fileRef = E12046F02AAF985A00FE0F2B /* AppDelegate.swift */; };
		E12046F32AAF985A00FE0F2B /* SceneDelegate.swift in Sources */ = {isa = PBXBuildFile; fileRef = E12046F22AAF985A00FE0F2B /* SceneDelegate.swift */; };
		E12046F52AAF985A00FE0F2B /* ViewController.swift in Sources */ = {isa = PBXBuildFile; fileRef = E12046F42AAF985A00FE0F2B /* ViewController.swift */; };
		E12046F82AAF985A00FE0F2B /* Main.storyboard in Resources */ = {isa = PBXBuildFile; fileRef = E12046F62AAF985A00FE0F2B /* Main.storyboard */; };
		E12046FA2AAF985B00FE0F2B /* Assets.xcassets in Resources */ = {isa = PBXBuildFile; fileRef = E12046F92AAF985B00FE0F2B /* Assets.xcassets */; };
		E12046FD2AAF985B00FE0F2B /* LaunchScreen.storyboard in Resources */ = {isa = PBXBuildFile; fileRef = E12046FB2AAF985B00FE0F2B /* LaunchScreen.storyboard */; };
		E12047242AAFB7F500FE0F2B /* XCAssets+Generated.swift in Sources */ = {isa = PBXBuildFile; fileRef = E12047232AAFB7F500FE0F2B /* XCAssets+Generated.swift */; };
		E12047262AAFB80600FE0F2B /* Strings+Generated.swift in Sources */ = {isa = PBXBuildFile; fileRef = E12047252AAFB80600FE0F2B /* Strings+Generated.swift */; };
		E12047282AAFB98A00FE0F2B /* Localizable.strings in Resources */ = {isa = PBXBuildFile; fileRef = E120472A2AAFB98A00FE0F2B /* Localizable.strings */; };
		E120472E2AAFBDAF00FE0F2B /* PreviewMock.swift in Sources */ = {isa = PBXBuildFile; fileRef = E120472D2AAFBDAF00FE0F2B /* PreviewMock.swift */; };
		E12047302AAFBDBE00FE0F2B /* EmptyRouter.swift in Sources */ = {isa = PBXBuildFile; fileRef = E120472F2AAFBDBE00FE0F2B /* EmptyRouter.swift */; };
		E12047322AAFBDD200FE0F2B /* MainTabBarCoordinator.swift in Sources */ = {isa = PBXBuildFile; fileRef = E12047312AAFBDD200FE0F2B /* MainTabBarCoordinator.swift */; };
		E12047342AAFBDE400FE0F2B /* ProfileCoordinator.swift in Sources */ = {isa = PBXBuildFile; fileRef = E12047332AAFBDE400FE0F2B /* ProfileCoordinator.swift */; };
		E12047362AAFBDF800FE0F2B /* NotepadCoordinator.swift in Sources */ = {isa = PBXBuildFile; fileRef = E12047352AAFBDF800FE0F2B /* NotepadCoordinator.swift */; };
		E12047382AAFBE0C00FE0F2B /* HomeCoordinator.swift in Sources */ = {isa = PBXBuildFile; fileRef = E12047372AAFBE0C00FE0F2B /* HomeCoordinator.swift */; };
		E120473C2AAFBF0C00FE0F2B /* CombineMoya in Frameworks */ = {isa = PBXBuildFile; productRef = E120473B2AAFBF0C00FE0F2B /* CombineMoya */; };
		E120473E2AAFBF0C00FE0F2B /* Moya in Frameworks */ = {isa = PBXBuildFile; productRef = E120473D2AAFBF0C00FE0F2B /* Moya */; };
		E12047412AAFBF6400FE0F2B /* XCoordinator in Frameworks */ = {isa = PBXBuildFile; productRef = E12047402AAFBF6400FE0F2B /* XCoordinator */; };
		E19D69352AC4DC8000C9D797 /* JustifyCardView.swift in Sources */ = {isa = PBXBuildFile; fileRef = E19D69342AC4DC8000C9D797 /* JustifyCardView.swift */; };
		E1A586932AC1E534002C295F /* Constants.swift in Sources */ = {isa = PBXBuildFile; fileRef = E1A586922AC1E534002C295F /* Constants.swift */; };
		E1BA5AA12ABCC90800C444DD /* RecognitionService.swift in Sources */ = {isa = PBXBuildFile; fileRef = E1BA5AA02ABCC90800C444DD /* RecognitionService.swift */; };
		E1BA5AA32ABCC96B00C444DD /* RecognitionRequestCollection.swift in Sources */ = {isa = PBXBuildFile; fileRef = E1BA5AA22ABCC96B00C444DD /* RecognitionRequestCollection.swift */; };
		E1BA5AA62ABCC9BB00C444DD /* HomeScreenView.swift in Sources */ = {isa = PBXBuildFile; fileRef = E1BA5AA52ABCC9BB00C444DD /* HomeScreenView.swift */; };
		E1BA5AA82ABCC9F800C444DD /* HomeViewModel.swift in Sources */ = {isa = PBXBuildFile; fileRef = E1BA5AA72ABCC9F800C444DD /* HomeViewModel.swift */; };
		E1BA5AAC2ABCCD2100C444DD /* HeaderView.swift in Sources */ = {isa = PBXBuildFile; fileRef = E1BA5AAB2ABCCD2100C444DD /* HeaderView.swift */; };
		E1BA5AAF2ABCCDA300C444DD /* PlantCardView.swift in Sources */ = {isa = PBXBuildFile; fileRef = E1BA5AAE2ABCCDA300C444DD /* PlantCardView.swift */; };
		E1EE7DDB2ABE1B9E0087A2D0 /* LevelModel.swift in Sources */ = {isa = PBXBuildFile; fileRef = E1EE7DDA2ABE1B9E0087A2D0 /* LevelModel.swift */; };
		E1EE7DDD2ABF86EC0087A2D0 /* AllDetailsIdentificationModel.swift in Sources */ = {isa = PBXBuildFile; fileRef = E1EE7DDC2ABF86EC0087A2D0 /* AllDetailsIdentificationModel.swift */; };
		E1EE7DE02ABF934F0087A2D0 /* HealthAssessmentModel.swift in Sources */ = {isa = PBXBuildFile; fileRef = E1EE7DDF2ABF934F0087A2D0 /* HealthAssessmentModel.swift */; };
		E1EE7DE22ABF981F0087A2D0 /* ObtainUsageInfo.swift in Sources */ = {isa = PBXBuildFile; fileRef = E1EE7DE12ABF981F0087A2D0 /* ObtainUsageInfo.swift */; };
		E1EE7DE82AC0CCF10087A2D0 /* PlantModel.swift in Sources */ = {isa = PBXBuildFile; fileRef = E1EE7DE72AC0CCF00087A2D0 /* PlantModel.swift */; };
/* End PBXBuildFile section */

/* Begin PBXFileReference section */
		E12046ED2AAF985A00FE0F2B /* FollowNature.app */ = {isa = PBXFileReference; explicitFileType = wrapper.application; includeInIndex = 0; path = FollowNature.app; sourceTree = BUILT_PRODUCTS_DIR; };
		E12046F02AAF985A00FE0F2B /* AppDelegate.swift */ = {isa = PBXFileReference; lastKnownFileType = sourcecode.swift; path = AppDelegate.swift; sourceTree = "<group>"; };
		E12046F22AAF985A00FE0F2B /* SceneDelegate.swift */ = {isa = PBXFileReference; lastKnownFileType = sourcecode.swift; path = SceneDelegate.swift; sourceTree = "<group>"; };
		E12046F42AAF985A00FE0F2B /* ViewController.swift */ = {isa = PBXFileReference; lastKnownFileType = sourcecode.swift; path = ViewController.swift; sourceTree = "<group>"; };
		E12046F72AAF985A00FE0F2B /* Base */ = {isa = PBXFileReference; lastKnownFileType = file.storyboard; name = Base; path = Base.lproj/Main.storyboard; sourceTree = "<group>"; };
		E12046F92AAF985B00FE0F2B /* Assets.xcassets */ = {isa = PBXFileReference; lastKnownFileType = folder.assetcatalog; path = Assets.xcassets; sourceTree = "<group>"; };
		E12046FC2AAF985B00FE0F2B /* Base */ = {isa = PBXFileReference; lastKnownFileType = file.storyboard; name = Base; path = Base.lproj/LaunchScreen.storyboard; sourceTree = "<group>"; };
		E12046FE2AAF985B00FE0F2B /* Info.plist */ = {isa = PBXFileReference; lastKnownFileType = text.plist.xml; path = Info.plist; sourceTree = "<group>"; };
		E12047232AAFB7F500FE0F2B /* XCAssets+Generated.swift */ = {isa = PBXFileReference; lastKnownFileType = sourcecode.swift; path = "XCAssets+Generated.swift"; sourceTree = "<group>"; };
		E12047252AAFB80600FE0F2B /* Strings+Generated.swift */ = {isa = PBXFileReference; lastKnownFileType = sourcecode.swift; path = "Strings+Generated.swift"; sourceTree = "<group>"; };
		E12047292AAFB98A00FE0F2B /* en */ = {isa = PBXFileReference; lastKnownFileType = text.plist.strings; name = en; path = en.lproj/Localizable.strings; sourceTree = "<group>"; };
		E120472D2AAFBDAF00FE0F2B /* PreviewMock.swift */ = {isa = PBXFileReference; lastKnownFileType = sourcecode.swift; path = PreviewMock.swift; sourceTree = "<group>"; };
		E120472F2AAFBDBE00FE0F2B /* EmptyRouter.swift */ = {isa = PBXFileReference; lastKnownFileType = sourcecode.swift; path = EmptyRouter.swift; sourceTree = "<group>"; };
		E12047312AAFBDD200FE0F2B /* MainTabBarCoordinator.swift */ = {isa = PBXFileReference; lastKnownFileType = sourcecode.swift; path = MainTabBarCoordinator.swift; sourceTree = "<group>"; };
		E12047332AAFBDE400FE0F2B /* ProfileCoordinator.swift */ = {isa = PBXFileReference; lastKnownFileType = sourcecode.swift; path = ProfileCoordinator.swift; sourceTree = "<group>"; };
		E12047352AAFBDF800FE0F2B /* NotepadCoordinator.swift */ = {isa = PBXFileReference; lastKnownFileType = sourcecode.swift; path = NotepadCoordinator.swift; sourceTree = "<group>"; };
		E12047372AAFBE0C00FE0F2B /* HomeCoordinator.swift */ = {isa = PBXFileReference; lastKnownFileType = sourcecode.swift; path = HomeCoordinator.swift; sourceTree = "<group>"; };
		E19D69342AC4DC8000C9D797 /* JustifyCardView.swift */ = {isa = PBXFileReference; lastKnownFileType = sourcecode.swift; path = JustifyCardView.swift; sourceTree = "<group>"; };
		E1A586922AC1E534002C295F /* Constants.swift */ = {isa = PBXFileReference; lastKnownFileType = sourcecode.swift; path = Constants.swift; sourceTree = "<group>"; };
		E1BA5AA02ABCC90800C444DD /* RecognitionService.swift */ = {isa = PBXFileReference; lastKnownFileType = sourcecode.swift; path = RecognitionService.swift; sourceTree = "<group>"; };
		E1BA5AA22ABCC96B00C444DD /* RecognitionRequestCollection.swift */ = {isa = PBXFileReference; lastKnownFileType = sourcecode.swift; path = RecognitionRequestCollection.swift; sourceTree = "<group>"; };
		E1BA5AA52ABCC9BB00C444DD /* HomeScreenView.swift */ = {isa = PBXFileReference; lastKnownFileType = sourcecode.swift; path = HomeScreenView.swift; sourceTree = "<group>"; };
		E1BA5AA72ABCC9F800C444DD /* HomeViewModel.swift */ = {isa = PBXFileReference; lastKnownFileType = sourcecode.swift; path = HomeViewModel.swift; sourceTree = "<group>"; };
		E1BA5AAB2ABCCD2100C444DD /* HeaderView.swift */ = {isa = PBXFileReference; lastKnownFileType = sourcecode.swift; path = HeaderView.swift; sourceTree = "<group>"; };
		E1BA5AAE2ABCCDA300C444DD /* PlantCardView.swift */ = {isa = PBXFileReference; lastKnownFileType = sourcecode.swift; path = PlantCardView.swift; sourceTree = "<group>"; };
		E1EE7DDA2ABE1B9E0087A2D0 /* LevelModel.swift */ = {isa = PBXFileReference; lastKnownFileType = sourcecode.swift; path = LevelModel.swift; sourceTree = "<group>"; };
		E1EE7DDC2ABF86EC0087A2D0 /* AllDetailsIdentificationModel.swift */ = {isa = PBXFileReference; lastKnownFileType = sourcecode.swift; path = AllDetailsIdentificationModel.swift; sourceTree = "<group>"; };
		E1EE7DDF2ABF934F0087A2D0 /* HealthAssessmentModel.swift */ = {isa = PBXFileReference; lastKnownFileType = sourcecode.swift; path = HealthAssessmentModel.swift; sourceTree = "<group>"; };
		E1EE7DE12ABF981F0087A2D0 /* ObtainUsageInfo.swift */ = {isa = PBXFileReference; lastKnownFileType = sourcecode.swift; path = ObtainUsageInfo.swift; sourceTree = "<group>"; };
		E1EE7DE72AC0CCF00087A2D0 /* PlantModel.swift */ = {isa = PBXFileReference; lastKnownFileType = sourcecode.swift; path = PlantModel.swift; sourceTree = "<group>"; };
/* End PBXFileReference section */

/* Begin PBXFrameworksBuildPhase section */
		E12046EA2AAF985A00FE0F2B /* Frameworks */ = {
			isa = PBXFrameworksBuildPhase;
			buildActionMask = 2147483647;
			files = (
				E120473E2AAFBF0C00FE0F2B /* Moya in Frameworks */,
				E12047412AAFBF6400FE0F2B /* XCoordinator in Frameworks */,
				E120473C2AAFBF0C00FE0F2B /* CombineMoya in Frameworks */,
			);
			runOnlyForDeploymentPostprocessing = 0;
		};
/* End PBXFrameworksBuildPhase section */

/* Begin PBXGroup section */
		E12046E42AAF985A00FE0F2B = {
			isa = PBXGroup;
			children = (
				E12046EF2AAF985A00FE0F2B /* FollowNature */,
				E12046EE2AAF985A00FE0F2B /* Products */,
			);
			sourceTree = "<group>";
		};
		E12046EE2AAF985A00FE0F2B /* Products */ = {
			isa = PBXGroup;
			children = (
				E12046ED2AAF985A00FE0F2B /* FollowNature.app */,
			);
			name = Products;
			sourceTree = "<group>";
		};
		E12046EF2AAF985A00FE0F2B /* FollowNature */ = {
			isa = PBXGroup;
			children = (
				E120472B2AAFBC9300FE0F2B /* AppDelegate */,
				E1BA5AA42ABCC99D00C444DD /* Flows */,
				E1BA5AAD2ABCCD3D00C444DD /* Components */,
				E120472C2AAFBCF300FE0F2B /* Coordinators */,
				E1A586912AC1E516002C295F /* Core */,
				E1EE7DD92ABE1B590087A2D0 /* Models */,
				E12047272AAFB81300FE0F2B /* Resources */,
				E1BA5A9E2ABCC7BC00C444DD /* Services */,
				E12046F42AAF985A00FE0F2B /* ViewController.swift */,
				E12046F62AAF985A00FE0F2B /* Main.storyboard */,
				E12046FB2AAF985B00FE0F2B /* LaunchScreen.storyboard */,
				E12046FE2AAF985B00FE0F2B /* Info.plist */,
			);
			path = FollowNature;
			sourceTree = "<group>";
		};
		E12047202AAFB7B500FE0F2B /* Generated */ = {
			isa = PBXGroup;
			children = (
				E12047232AAFB7F500FE0F2B /* XCAssets+Generated.swift */,
				E12047252AAFB80600FE0F2B /* Strings+Generated.swift */,
			);
			path = Generated;
			sourceTree = "<group>";
		};
		E12047272AAFB81300FE0F2B /* Resources */ = {
			isa = PBXGroup;
			children = (
				E12047202AAFB7B500FE0F2B /* Generated */,
				E12046F92AAF985B00FE0F2B /* Assets.xcassets */,
				E120472A2AAFB98A00FE0F2B /* Localizable.strings */,
			);
			path = Resources;
			sourceTree = "<group>";
		};
		E120472B2AAFBC9300FE0F2B /* AppDelegate */ = {
			isa = PBXGroup;
			children = (
				E12046F02AAF985A00FE0F2B /* AppDelegate.swift */,
				E12046F22AAF985A00FE0F2B /* SceneDelegate.swift */,
			);
			path = AppDelegate;
			sourceTree = "<group>";
		};
		E120472C2AAFBCF300FE0F2B /* Coordinators */ = {
			isa = PBXGroup;
			children = (
				E12047392AAFBE1400FE0F2B /* Routers */,
				E12047312AAFBDD200FE0F2B /* MainTabBarCoordinator.swift */,
				E12047372AAFBE0C00FE0F2B /* HomeCoordinator.swift */,
				E12047352AAFBDF800FE0F2B /* NotepadCoordinator.swift */,
				E12047332AAFBDE400FE0F2B /* ProfileCoordinator.swift */,
			);
			path = Coordinators;
			sourceTree = "<group>";
		};
		E12047392AAFBE1400FE0F2B /* Routers */ = {
			isa = PBXGroup;
			children = (
				E120472D2AAFBDAF00FE0F2B /* PreviewMock.swift */,
				E120472F2AAFBDBE00FE0F2B /* EmptyRouter.swift */,
			);
			path = Routers;
			sourceTree = "<group>";
		};
		E1A586912AC1E516002C295F /* Core */ = {
			isa = PBXGroup;
			children = (
				E1A586922AC1E534002C295F /* Constants.swift */,
			);
			path = Core;
			sourceTree = "<group>";
		};
		E1BA5A9E2ABCC7BC00C444DD /* Services */ = {
			isa = PBXGroup;
			children = (
				E1BA5A9F2ABCC7D300C444DD /* Network */,
			);
			path = Services;
			sourceTree = "<group>";
		};
		E1BA5A9F2ABCC7D300C444DD /* Network */ = {
			isa = PBXGroup;
			children = (
				E1BA5AA02ABCC90800C444DD /* RecognitionService.swift */,
				E1BA5AA22ABCC96B00C444DD /* RecognitionRequestCollection.swift */,
			);
			path = Network;
			sourceTree = "<group>";
		};
		E1BA5AA42ABCC99D00C444DD /* Flows */ = {
			isa = PBXGroup;
			children = (
				E1BA5AA92ABCCCF600C444DD /* Main */,
			);
			path = Flows;
			sourceTree = "<group>";
		};
		E1BA5AA92ABCCCF600C444DD /* Main */ = {
			isa = PBXGroup;
			children = (
				E1BA5AA52ABCC9BB00C444DD /* HomeScreenView.swift */,
				E1BA5AA72ABCC9F800C444DD /* HomeViewModel.swift */,
				E1BA5AAA2ABCCD0200C444DD /* Views */,
			);
			path = Main;
			sourceTree = "<group>";
		};
		E1BA5AAA2ABCCD0200C444DD /* Views */ = {
			isa = PBXGroup;
			children = (
				E1BA5AAB2ABCCD2100C444DD /* HeaderView.swift */,
			);
			path = Views;
			sourceTree = "<group>";
		};
		E1BA5AAD2ABCCD3D00C444DD /* Components */ = {
			isa = PBXGroup;
			children = (
				E1BA5AAE2ABCCDA300C444DD /* PlantCardView.swift */,
				E19D69342AC4DC8000C9D797 /* JustifyCardView.swift */,
			);
			path = Components;
			sourceTree = "<group>";
		};
		E1EE7DD92ABE1B590087A2D0 /* Models */ = {
			isa = PBXGroup;
			children = (
				E1EE7DE12ABF981F0087A2D0 /* ObtainUsageInfo.swift */,
				E1EE7DDA2ABE1B9E0087A2D0 /* LevelModel.swift */,
				E1EE7DE72AC0CCF00087A2D0 /* PlantModel.swift */,
				E1EE7DDC2ABF86EC0087A2D0 /* AllDetailsIdentificationModel.swift */,
				E1EE7DDF2ABF934F0087A2D0 /* HealthAssessmentModel.swift */,
			);
			path = Models;
			sourceTree = "<group>";
		};
/* End PBXGroup section */

/* Begin PBXNativeTarget section */
		E12046EC2AAF985A00FE0F2B /* FollowNature */ = {
			isa = PBXNativeTarget;
			buildConfigurationList = E12047012AAF985B00FE0F2B /* Build configuration list for PBXNativeTarget "FollowNature" */;
			buildPhases = (
				E12046E92AAF985A00FE0F2B /* Sources */,
				E12046EA2AAF985A00FE0F2B /* Frameworks */,
				E12046EB2AAF985A00FE0F2B /* Resources */,
			);
			buildRules = (
			);
			dependencies = (
			);
			name = FollowNature;
			packageProductDependencies = (
				E120473B2AAFBF0C00FE0F2B /* CombineMoya */,
				E120473D2AAFBF0C00FE0F2B /* Moya */,
				E12047402AAFBF6400FE0F2B /* XCoordinator */,
			);
			productName = FollowNature;
			productReference = E12046ED2AAF985A00FE0F2B /* FollowNature.app */;
			productType = "com.apple.product-type.application";
		};
/* End PBXNativeTarget section */

/* Begin PBXProject section */
		E12046E52AAF985A00FE0F2B /* Project object */ = {
			isa = PBXProject;
			attributes = {
				BuildIndependentTargetsInParallel = 1;
				LastSwiftUpdateCheck = 1430;
				LastUpgradeCheck = 1430;
				TargetAttributes = {
					E12046EC2AAF985A00FE0F2B = {
						CreatedOnToolsVersion = 14.3;
					};
				};
			};
			buildConfigurationList = E12046E82AAF985A00FE0F2B /* Build configuration list for PBXProject "FollowNature" */;
			compatibilityVersion = "Xcode 14.0";
			developmentRegion = en;
			hasScannedForEncodings = 0;
			knownRegions = (
				en,
				Base,
			);
			mainGroup = E12046E42AAF985A00FE0F2B;
			packageReferences = (
				E120473A2AAFBF0C00FE0F2B /* XCRemoteSwiftPackageReference "Moya" */,
				E120473F2AAFBF6400FE0F2B /* XCRemoteSwiftPackageReference "XCoordinator" */,
			);
			productRefGroup = E12046EE2AAF985A00FE0F2B /* Products */;
			projectDirPath = "";
			projectRoot = "";
			targets = (
				E12046EC2AAF985A00FE0F2B /* FollowNature */,
			);
		};
/* End PBXProject section */

/* Begin PBXResourcesBuildPhase section */
		E12046EB2AAF985A00FE0F2B /* Resources */ = {
			isa = PBXResourcesBuildPhase;
			buildActionMask = 2147483647;
			files = (
				E12046FD2AAF985B00FE0F2B /* LaunchScreen.storyboard in Resources */,
				E12047282AAFB98A00FE0F2B /* Localizable.strings in Resources */,
				E12046FA2AAF985B00FE0F2B /* Assets.xcassets in Resources */,
				E12046F82AAF985A00FE0F2B /* Main.storyboard in Resources */,
			);
			runOnlyForDeploymentPostprocessing = 0;
		};
/* End PBXResourcesBuildPhase section */

/* Begin PBXSourcesBuildPhase section */
		E12046E92AAF985A00FE0F2B /* Sources */ = {
			isa = PBXSourcesBuildPhase;
			buildActionMask = 2147483647;
			files = (
				E120472E2AAFBDAF00FE0F2B /* PreviewMock.swift in Sources */,
				E1EE7DE22ABF981F0087A2D0 /* ObtainUsageInfo.swift in Sources */,
				E1EE7DE82AC0CCF10087A2D0 /* PlantModel.swift in Sources */,
				E1EE7DE02ABF934F0087A2D0 /* HealthAssessmentModel.swift in Sources */,
				E12047262AAFB80600FE0F2B /* Strings+Generated.swift in Sources */,
				E12047362AAFBDF800FE0F2B /* NotepadCoordinator.swift in Sources */,
				E1A586932AC1E534002C295F /* Constants.swift in Sources */,
				E12047302AAFBDBE00FE0F2B /* EmptyRouter.swift in Sources */,
				E12047322AAFBDD200FE0F2B /* MainTabBarCoordinator.swift in Sources */,
				E1BA5AA82ABCC9F800C444DD /* HomeViewModel.swift in Sources */,
				E1EE7DDB2ABE1B9E0087A2D0 /* LevelModel.swift in Sources */,
				E1BA5AA12ABCC90800C444DD /* RecognitionService.swift in Sources */,
				E12046F52AAF985A00FE0F2B /* ViewController.swift in Sources */,
				E12046F12AAF985A00FE0F2B /* AppDelegate.swift in Sources */,
				E12046F32AAF985A00FE0F2B /* SceneDelegate.swift in Sources */,
				E1BA5AA62ABCC9BB00C444DD /* HomeScreenView.swift in Sources */,
				E1BA5AA32ABCC96B00C444DD /* RecognitionRequestCollection.swift in Sources */,
				E12047342AAFBDE400FE0F2B /* ProfileCoordinator.swift in Sources */,
				E12047242AAFB7F500FE0F2B /* XCAssets+Generated.swift in Sources */,
				E19D69352AC4DC8000C9D797 /* JustifyCardView.swift in Sources */,
				E1EE7DDD2ABF86EC0087A2D0 /* AllDetailsIdentificationModel.swift in Sources */,
				E1BA5AAF2ABCCDA300C444DD /* PlantCardView.swift in Sources */,
				E12047382AAFBE0C00FE0F2B /* HomeCoordinator.swift in Sources */,
				E1BA5AAC2ABCCD2100C444DD /* HeaderView.swift in Sources */,
			);
			runOnlyForDeploymentPostprocessing = 0;
		};
/* End PBXSourcesBuildPhase section */

/* Begin PBXVariantGroup section */
		E12046F62AAF985A00FE0F2B /* Main.storyboard */ = {
			isa = PBXVariantGroup;
			children = (
				E12046F72AAF985A00FE0F2B /* Base */,
			);
			name = Main.storyboard;
			sourceTree = "<group>";
		};
		E12046FB2AAF985B00FE0F2B /* LaunchScreen.storyboard */ = {
			isa = PBXVariantGroup;
			children = (
				E12046FC2AAF985B00FE0F2B /* Base */,
			);
			name = LaunchScreen.storyboard;
			sourceTree = "<group>";
		};
		E120472A2AAFB98A00FE0F2B /* Localizable.strings */ = {
			isa = PBXVariantGroup;
			children = (
				E12047292AAFB98A00FE0F2B /* en */,
			);
			name = Localizable.strings;
			sourceTree = "<group>";
		};
/* End PBXVariantGroup section */

/* Begin XCBuildConfiguration section */
		E12046FF2AAF985B00FE0F2B /* Debug */ = {
			isa = XCBuildConfiguration;
			buildSettings = {
				ALWAYS_SEARCH_USER_PATHS = NO;
				CLANG_ANALYZER_NONNULL = YES;
				CLANG_ANALYZER_NUMBER_OBJECT_CONVERSION = YES_AGGRESSIVE;
				CLANG_CXX_LANGUAGE_STANDARD = "gnu++20";
				CLANG_ENABLE_MODULES = YES;
				CLANG_ENABLE_OBJC_ARC = YES;
				CLANG_ENABLE_OBJC_WEAK = YES;
				CLANG_WARN_BLOCK_CAPTURE_AUTORELEASING = YES;
				CLANG_WARN_BOOL_CONVERSION = YES;
				CLANG_WARN_COMMA = YES;
				CLANG_WARN_CONSTANT_CONVERSION = YES;
				CLANG_WARN_DEPRECATED_OBJC_IMPLEMENTATIONS = YES;
				CLANG_WARN_DIRECT_OBJC_ISA_USAGE = YES_ERROR;
				CLANG_WARN_DOCUMENTATION_COMMENTS = YES;
				CLANG_WARN_EMPTY_BODY = YES;
				CLANG_WARN_ENUM_CONVERSION = YES;
				CLANG_WARN_INFINITE_RECURSION = YES;
				CLANG_WARN_INT_CONVERSION = YES;
				CLANG_WARN_NON_LITERAL_NULL_CONVERSION = YES;
				CLANG_WARN_OBJC_IMPLICIT_RETAIN_SELF = YES;
				CLANG_WARN_OBJC_LITERAL_CONVERSION = YES;
				CLANG_WARN_OBJC_ROOT_CLASS = YES_ERROR;
				CLANG_WARN_QUOTED_INCLUDE_IN_FRAMEWORK_HEADER = YES;
				CLANG_WARN_RANGE_LOOP_ANALYSIS = YES;
				CLANG_WARN_STRICT_PROTOTYPES = YES;
				CLANG_WARN_SUSPICIOUS_MOVE = YES;
				CLANG_WARN_UNGUARDED_AVAILABILITY = YES_AGGRESSIVE;
				CLANG_WARN_UNREACHABLE_CODE = YES;
				CLANG_WARN__DUPLICATE_METHOD_MATCH = YES;
				COPY_PHASE_STRIP = NO;
				DEBUG_INFORMATION_FORMAT = dwarf;
				ENABLE_STRICT_OBJC_MSGSEND = YES;
				ENABLE_TESTABILITY = YES;
				GCC_C_LANGUAGE_STANDARD = gnu11;
				GCC_DYNAMIC_NO_PIC = NO;
				GCC_NO_COMMON_BLOCKS = YES;
				GCC_OPTIMIZATION_LEVEL = 0;
				GCC_PREPROCESSOR_DEFINITIONS = (
					"DEBUG=1",
					"$(inherited)",
				);
				GCC_WARN_64_TO_32_BIT_CONVERSION = YES;
				GCC_WARN_ABOUT_RETURN_TYPE = YES_ERROR;
				GCC_WARN_UNDECLARED_SELECTOR = YES;
				GCC_WARN_UNINITIALIZED_AUTOS = YES_AGGRESSIVE;
				GCC_WARN_UNUSED_FUNCTION = YES;
				GCC_WARN_UNUSED_VARIABLE = YES;
				"INFOPLIST_KEY_UIUserInterfaceStyle[sdk=*]" = Light;
				IPHONEOS_DEPLOYMENT_TARGET = 16.4;
				MTL_ENABLE_DEBUG_INFO = INCLUDE_SOURCE;
				MTL_FAST_MATH = YES;
				ONLY_ACTIVE_ARCH = YES;
				SDKROOT = iphoneos;
				SWIFT_ACTIVE_COMPILATION_CONDITIONS = DEBUG;
				SWIFT_OPTIMIZATION_LEVEL = "-Onone";
			};
			name = Debug;
		};
		E12047002AAF985B00FE0F2B /* Release */ = {
			isa = XCBuildConfiguration;
			buildSettings = {
				ALWAYS_SEARCH_USER_PATHS = NO;
				CLANG_ANALYZER_NONNULL = YES;
				CLANG_ANALYZER_NUMBER_OBJECT_CONVERSION = YES_AGGRESSIVE;
				CLANG_CXX_LANGUAGE_STANDARD = "gnu++20";
				CLANG_ENABLE_MODULES = YES;
				CLANG_ENABLE_OBJC_ARC = YES;
				CLANG_ENABLE_OBJC_WEAK = YES;
				CLANG_WARN_BLOCK_CAPTURE_AUTORELEASING = YES;
				CLANG_WARN_BOOL_CONVERSION = YES;
				CLANG_WARN_COMMA = YES;
				CLANG_WARN_CONSTANT_CONVERSION = YES;
				CLANG_WARN_DEPRECATED_OBJC_IMPLEMENTATIONS = YES;
				CLANG_WARN_DIRECT_OBJC_ISA_USAGE = YES_ERROR;
				CLANG_WARN_DOCUMENTATION_COMMENTS = YES;
				CLANG_WARN_EMPTY_BODY = YES;
				CLANG_WARN_ENUM_CONVERSION = YES;
				CLANG_WARN_INFINITE_RECURSION = YES;
				CLANG_WARN_INT_CONVERSION = YES;
				CLANG_WARN_NON_LITERAL_NULL_CONVERSION = YES;
				CLANG_WARN_OBJC_IMPLICIT_RETAIN_SELF = YES;
				CLANG_WARN_OBJC_LITERAL_CONVERSION = YES;
				CLANG_WARN_OBJC_ROOT_CLASS = YES_ERROR;
				CLANG_WARN_QUOTED_INCLUDE_IN_FRAMEWORK_HEADER = YES;
				CLANG_WARN_RANGE_LOOP_ANALYSIS = YES;
				CLANG_WARN_STRICT_PROTOTYPES = YES;
				CLANG_WARN_SUSPICIOUS_MOVE = YES;
				CLANG_WARN_UNGUARDED_AVAILABILITY = YES_AGGRESSIVE;
				CLANG_WARN_UNREACHABLE_CODE = YES;
				CLANG_WARN__DUPLICATE_METHOD_MATCH = YES;
				COPY_PHASE_STRIP = NO;
				DEBUG_INFORMATION_FORMAT = "dwarf-with-dsym";
				ENABLE_NS_ASSERTIONS = NO;
				ENABLE_STRICT_OBJC_MSGSEND = YES;
				GCC_C_LANGUAGE_STANDARD = gnu11;
				GCC_NO_COMMON_BLOCKS = YES;
				GCC_WARN_64_TO_32_BIT_CONVERSION = YES;
				GCC_WARN_ABOUT_RETURN_TYPE = YES_ERROR;
				GCC_WARN_UNDECLARED_SELECTOR = YES;
				GCC_WARN_UNINITIALIZED_AUTOS = YES_AGGRESSIVE;
				GCC_WARN_UNUSED_FUNCTION = YES;
				GCC_WARN_UNUSED_VARIABLE = YES;
				IPHONEOS_DEPLOYMENT_TARGET = 16.4;
				MTL_ENABLE_DEBUG_INFO = NO;
				MTL_FAST_MATH = YES;
				SDKROOT = iphoneos;
				SWIFT_COMPILATION_MODE = wholemodule;
				SWIFT_OPTIMIZATION_LEVEL = "-O";
				VALIDATE_PRODUCT = YES;
			};
			name = Release;
		};
		E12047022AAF985B00FE0F2B /* Debug */ = {
			isa = XCBuildConfiguration;
			buildSettings = {
				ASSETCATALOG_COMPILER_APPICON_NAME = AppIcon;
				ASSETCATALOG_COMPILER_GLOBAL_ACCENT_COLOR_NAME = AccentColor;
				CODE_SIGN_STYLE = Automatic;
				CURRENT_PROJECT_VERSION = 1;
				DEVELOPMENT_TEAM = 4DUTCP7Z6J;
				GENERATE_INFOPLIST_FILE = YES;
				INFOPLIST_FILE = FollowNature/Info.plist;
				INFOPLIST_KEY_UIApplicationSupportsIndirectInputEvents = YES;
				INFOPLIST_KEY_UILaunchStoryboardName = LaunchScreen;
				INFOPLIST_KEY_UIMainStoryboardFile = Main;
				INFOPLIST_KEY_UISupportedInterfaceOrientations = UIInterfaceOrientationPortrait;
				IPHONEOS_DEPLOYMENT_TARGET = 15.0;
				LD_RUNPATH_SEARCH_PATHS = (
					"$(inherited)",
					"@executable_path/Frameworks",
				);
				MARKETING_VERSION = 1.0;
				PRODUCT_BUNDLE_IDENTIFIER = Performance.FollowNature;
				PRODUCT_NAME = "$(TARGET_NAME)";
				SUPPORTED_PLATFORMS = "iphoneos iphonesimulator";
				SUPPORTS_MACCATALYST = NO;
				SUPPORTS_MAC_DESIGNED_FOR_IPHONE_IPAD = YES;
				SWIFT_EMIT_LOC_STRINGS = YES;
				SWIFT_VERSION = 5.0;
				TARGETED_DEVICE_FAMILY = 1;
			};
			name = Debug;
		};
		E12047032AAF985B00FE0F2B /* Release */ = {
			isa = XCBuildConfiguration;
			buildSettings = {
				ASSETCATALOG_COMPILER_APPICON_NAME = AppIcon;
				ASSETCATALOG_COMPILER_GLOBAL_ACCENT_COLOR_NAME = AccentColor;
				CODE_SIGN_STYLE = Automatic;
				CURRENT_PROJECT_VERSION = 1;
				DEVELOPMENT_TEAM = 4DUTCP7Z6J;
				GENERATE_INFOPLIST_FILE = YES;
				INFOPLIST_FILE = FollowNature/Info.plist;
				INFOPLIST_KEY_UIApplicationSupportsIndirectInputEvents = YES;
				INFOPLIST_KEY_UILaunchStoryboardName = LaunchScreen;
				INFOPLIST_KEY_UIMainStoryboardFile = Main;
				INFOPLIST_KEY_UISupportedInterfaceOrientations = UIInterfaceOrientationPortrait;
				IPHONEOS_DEPLOYMENT_TARGET = 15.0;
				LD_RUNPATH_SEARCH_PATHS = (
					"$(inherited)",
					"@executable_path/Frameworks",
				);
				MARKETING_VERSION = 1.0;
				PRODUCT_BUNDLE_IDENTIFIER = Performance.FollowNature;
				PRODUCT_NAME = "$(TARGET_NAME)";
				SUPPORTED_PLATFORMS = "iphoneos iphonesimulator";
				SUPPORTS_MACCATALYST = NO;
				SUPPORTS_MAC_DESIGNED_FOR_IPHONE_IPAD = YES;
				SWIFT_EMIT_LOC_STRINGS = YES;
				SWIFT_VERSION = 5.0;
				TARGETED_DEVICE_FAMILY = 1;
			};
			name = Release;
		};
/* End XCBuildConfiguration section */

/* Begin XCConfigurationList section */
		E12046E82AAF985A00FE0F2B /* Build configuration list for PBXProject "FollowNature" */ = {
			isa = XCConfigurationList;
			buildConfigurations = (
				E12046FF2AAF985B00FE0F2B /* Debug */,
				E12047002AAF985B00FE0F2B /* Release */,
			);
			defaultConfigurationIsVisible = 0;
			defaultConfigurationName = Release;
		};
		E12047012AAF985B00FE0F2B /* Build configuration list for PBXNativeTarget "FollowNature" */ = {
			isa = XCConfigurationList;
			buildConfigurations = (
				E12047022AAF985B00FE0F2B /* Debug */,
				E12047032AAF985B00FE0F2B /* Release */,
			);
			defaultConfigurationIsVisible = 0;
			defaultConfigurationName = Release;
		};
/* End XCConfigurationList section */

/* Begin XCRemoteSwiftPackageReference section */
		E120473A2AAFBF0C00FE0F2B /* XCRemoteSwiftPackageReference "Moya" */ = {
			isa = XCRemoteSwiftPackageReference;
			repositoryURL = "https://github.com/Moya/Moya.git";
			requirement = {
				kind = upToNextMajorVersion;
				minimumVersion = 15.0.0;
			};
		};
		E120473F2AAFBF6400FE0F2B /* XCRemoteSwiftPackageReference "XCoordinator" */ = {
			isa = XCRemoteSwiftPackageReference;
			repositoryURL = "https://github.com/QuickBirdEng/XCoordinator.git";
			requirement = {
				kind = upToNextMajorVersion;
				minimumVersion = 2.0.0;
			};
		};
/* End XCRemoteSwiftPackageReference section */

/* Begin XCSwiftPackageProductDependency section */
		E120473B2AAFBF0C00FE0F2B /* CombineMoya */ = {
			isa = XCSwiftPackageProductDependency;
			package = E120473A2AAFBF0C00FE0F2B /* XCRemoteSwiftPackageReference "Moya" */;
			productName = CombineMoya;
		};
		E120473D2AAFBF0C00FE0F2B /* Moya */ = {
			isa = XCSwiftPackageProductDependency;
			package = E120473A2AAFBF0C00FE0F2B /* XCRemoteSwiftPackageReference "Moya" */;
			productName = Moya;
		};
		E12047402AAFBF6400FE0F2B /* XCoordinator */ = {
			isa = XCSwiftPackageProductDependency;
			package = E120473F2AAFBF6400FE0F2B /* XCRemoteSwiftPackageReference "XCoordinator" */;
			productName = XCoordinator;
		};
/* End XCSwiftPackageProductDependency section */
	};
	rootObject = E12046E52AAF985A00FE0F2B /* Project object */;
}
